
Microsoft Visual Studio Solution File, Format Version 12.00
# Visual Studio Version 17
VisualStudioVersion = 17.1.32210.238
MinimumVisualStudioVersion = 10.0.40219.1
Project("{9A19103F-16F7-4668-BE54-9A1E7A4F7556}") = "BerserkerTech", "BerserkerTech\BerserkerTech.csproj", "{5E007138-DB61-418C-9424-5741CC71D9F7}"
EndProject
Project("{9A19103F-16F7-4668-BE54-9A1E7A4F7556}") = "BerserkerDesktop", "BerserkerDesktop\BerserkerDesktop.csproj", "{70B80ECA-5A35-4172-9F40-BFC9CE02CD00}"
EndProject
Project("{FAE04EC0-301F-11D3-BF4B-00C04F79EFBC}") = "BerserkerTests", "BerserkerTests\BerserkerTests.csproj", "{1AE57CDA-8794-4A1D-A695-AA0F5A38B2BF}"
EndProject
Global
	GlobalSection(SolutionConfigurationPlatforms) = preSolution
		Debug|Any CPU = Debug|Any CPU
		Release|Any CPU = Release|Any CPU
	EndGlobalSection
	GlobalSection(ProjectConfigurationPlatforms) = postSolution
		{5E007138-DB61-418C-9424-5741CC71D9F7}.Debug|Any CPU.ActiveCfg = Debug|Any CPU
		{5E007138-DB61-418C-9424-5741CC71D9F7}.Debug|Any CPU.Build.0 = Debug|Any CPU
		{5E007138-DB61-418C-9424-5741CC71D9F7}.Release|Any CPU.ActiveCfg = Release|Any CPU
		{5E007138-DB61-418C-9424-5741CC71D9F7}.Release|Any CPU.Build.0 = Release|Any CPU
		{70B80ECA-5A35-4172-9F40-BFC9CE02CD00}.Debug|Any CPU.ActiveCfg = Debug|Any CPU
		{70B80ECA-5A35-4172-9F40-BFC9CE02CD00}.Debug|Any CPU.Build.0 = Debug|Any CPU
		{70B80ECA-5A35-4172-9F40-BFC9CE02CD00}.Release|Any CPU.ActiveCfg = Release|Any CPU
		{70B80ECA-5A35-4172-9F40-BFC9CE02CD00}.Release|Any CPU.Build.0 = Release|Any CPU
		{1AE57CDA-8794-4A1D-A695-AA0F5A38B2BF}.Debug|Any CPU.ActiveCfg = Debug|Any CPU
		{1AE57CDA-8794-4A1D-A695-AA0F5A38B2BF}.Debug|Any CPU.Build.0 = Debug|Any CPU
		{1AE57CDA-8794-4A1D-A695-AA0F5A38B2BF}.Release|Any CPU.ActiveCfg = Release|Any CPU
		{1AE57CDA-8794-4A1D-A695-AA0F5A38B2BF}.Release|Any CPU.Build.0 = Release|Any CPU
	EndGlobalSection
	GlobalSection(SolutionProperties) = preSolution
		HideSolutionNode = FALSE
	EndGlobalSection
	GlobalSection(ExtensibilityGlobals) = postSolution
		SolutionGuid = {FBDA4576-FB3B-4FF8-809E-FCA742C3D9BC}
	EndGlobalSection
EndGlobal
